
Microsoft Visual Studio Solution File, Format Version 12.00
# Visual Studio Version 17
VisualStudioVersion = 17.13.35825.156 d17.13
MinimumVisualStudioVersion = 10.0.40219.1
Project("{FAE04EC0-301F-11D3-BF4B-00C04F79EFBC}") = "Client-Lab04", "Client-Lab04\Client-Lab04.csproj", "{DECADCD3-080C-45CA-B5C2-FF1D735A88E6}"
EndProject
Project("{FAE04EC0-301F-11D3-BF4B-00C04F79EFBC}") = "Server-Lab04", "Server-Lab04\Server-Lab04.csproj", "{1BF64A32-6630-47D6-96A7-0571D5A1F665}"
EndProject
Global
	GlobalSection(SolutionConfigurationPlatforms) = preSolution
		Debug|Any CPU = Debug|Any CPU
		Release|Any CPU = Release|Any CPU
	EndGlobalSection
	GlobalSection(ProjectConfigurationPlatforms) = postSolution
		{DECADCD3-080C-45CA-B5C2-FF1D735A88E6}.Debug|Any CPU.ActiveCfg = Debug|Any CPU
		{DECADCD3-080C-45CA-B5C2-FF1D735A88E6}.Debug|Any CPU.Build.0 = Debug|Any CPU
		{DECADCD3-080C-45CA-B5C2-FF1D735A88E6}.Release|Any CPU.ActiveCfg = Release|Any CPU
		{DECADCD3-080C-45CA-B5C2-FF1D735A88E6}.Release|Any CPU.Build.0 = Release|Any CPU
		{1BF64A32-6630-47D6-96A7-0571D5A1F665}.Debug|Any CPU.ActiveCfg = Debug|Any CPU
		{1BF64A32-6630-47D6-96A7-0571D5A1F665}.Debug|Any CPU.Build.0 = Debug|Any CPU
		{1BF64A32-6630-47D6-96A7-0571D5A1F665}.Release|Any CPU.ActiveCfg = Release|Any CPU
		{1BF64A32-6630-47D6-96A7-0571D5A1F665}.Release|Any CPU.Build.0 = Release|Any CPU
	EndGlobalSection
	GlobalSection(SolutionProperties) = preSolution
		HideSolutionNode = FALSE
	EndGlobalSection
	GlobalSection(ExtensibilityGlobals) = postSolution
		SolutionGuid = {70CBA5BA-A1DF-4010-AE89-743817FDBC3F}
	EndGlobalSection
EndGlobal
